
Microsoft Visual Studio Solution File, Format Version 12.00
# Visual Studio Version 17
VisualStudioVersion = 17.0.31903.59
MinimumVisualStudioVersion = 10.0.40219.1
Project("{FAE04EC0-301F-11D3-BF4B-00C04F79EFBC}") = "Fusion.Infra.Cli", "Fusion.Infra.Cli\Fusion.Infra.Cli.csproj", "{066395FB-D802-4B0B-B0FA-E1D22BFC54BF}"
EndProject
Project("{FAE04EC0-301F-11D3-BF4B-00C04F79EFBC}") = "Fusion.Infra.Cli.Tests", "Fusion.Infra.Cli.Tests\Fusion.Infra.Cli.Tests.csproj", "{77F2A6B5-386B-4BD4-B11D-90928405C3DD}"
EndProject
Global
	GlobalSection(SolutionConfigurationPlatforms) = preSolution
		Debug|Any CPU = Debug|Any CPU
		Release|Any CPU = Release|Any CPU
	EndGlobalSection
	GlobalSection(ProjectConfigurationPlatforms) = postSolution
		{066395FB-D802-4B0B-B0FA-E1D22BFC54BF}.Debug|Any CPU.ActiveCfg = Debug|Any CPU
		{066395FB-D802-4B0B-B0FA-E1D22BFC54BF}.Debug|Any CPU.Build.0 = Debug|Any CPU
		{066395FB-D802-4B0B-B0FA-E1D22BFC54BF}.Release|Any CPU.ActiveCfg = Release|Any CPU
		{066395FB-D802-4B0B-B0FA-E1D22BFC54BF}.Release|Any CPU.Build.0 = Release|Any CPU
		{77F2A6B5-386B-4BD4-B11D-90928405C3DD}.Debug|Any CPU.ActiveCfg = Debug|Any CPU
		{77F2A6B5-386B-4BD4-B11D-90928405C3DD}.Debug|Any CPU.Build.0 = Debug|Any CPU
		{77F2A6B5-386B-4BD4-B11D-90928405C3DD}.Release|Any CPU.ActiveCfg = Release|Any CPU
		{77F2A6B5-386B-4BD4-B11D-90928405C3DD}.Release|Any CPU.Build.0 = Release|Any CPU
	EndGlobalSection
	GlobalSection(SolutionProperties) = preSolution
		HideSolutionNode = FALSE
	EndGlobalSection
	GlobalSection(ExtensibilityGlobals) = postSolution
		SolutionGuid = {0F5276F6-D4C7-4A31-B166-6A937FA2D2B0}
	EndGlobalSection
EndGlobal
