
Microsoft Visual Studio Solution File, Format Version 12.00
# Visual Studio Version 16
VisualStudioVersion = 16.0.29806.167
MinimumVisualStudioVersion = 15.0.26124.0
Project("{2150E333-8FDC-42A3-9474-1A3956D46DE8}") = "api", "api", "{996B233A-1FC5-4CF5-97AD-B9C09F3E0A53}"
EndProject
Project("{9A19103F-16F7-4668-BE54-9A1E7A4F7556}") = "Fusion.Resources.Api", "api\Fusion.Resources.Api\Fusion.Resources.Api.csproj", "{405CA56F-B0F8-4515-B45D-AE143965A178}"
EndProject
Project("{9A19103F-16F7-4668-BE54-9A1E7A4F7556}") = "Fusion.Resources.Database", "api\Fusion.Resources.Database\Fusion.Resources.Database.csproj", "{5F2CDAAF-C625-46FC-AB82-EDE4F47DF69C}"
EndProject
Project("{9A19103F-16F7-4668-BE54-9A1E7A4F7556}") = "Fusion.Resources.Domain", "api\Fusion.Resources.Domain\Fusion.Resources.Domain.csproj", "{EC425C33-9AE9-49F9-A3AD-4BECFE4CBD8B}"
EndProject
Project("{2150E333-8FDC-42A3-9474-1A3956D46DE8}") = "tests", "tests", "{D12DC33D-BB83-40E4-9F36-18F59351A21D}"
EndProject
Project("{9A19103F-16F7-4668-BE54-9A1E7A4F7556}") = "Fusion.Resources.Domain.Tests", "tests\Fusion.Resources.Domain.Tests\Fusion.Resources.Domain.Tests.csproj", "{2E8F0443-BE79-4722-87EA-25AC341581BF}"
EndProject
Project("{2150E333-8FDC-42A3-9474-1A3956D46DE8}") = "function", "function", "{286E3C76-C860-4661-9AEF-817458D1231B}"
EndProject
Project("{9A19103F-16F7-4668-BE54-9A1E7A4F7556}") = "Fusion.Resources.Functions", "function\Fusion.Resources.Functions\Fusion.Resources.Functions.csproj", "{277742EC-1734-47FE-9A45-3B05355212A8}"
EndProject
Project("{9A19103F-16F7-4668-BE54-9A1E7A4F7556}") = "Fusion.Resources.Logic", "api\Fusion.Resources.Logic\Fusion.Resources.Logic.csproj", "{EB05FA8C-DC27-4DBB-8963-B1692D1CE662}"
EndProject
Project("{2150E333-8FDC-42A3-9474-1A3956D46DE8}") = "integration", "integration", "{0AA102F1-FA48-4A4A-9E47-1301C47048EB}"
EndProject
Project("{9A19103F-16F7-4668-BE54-9A1E7A4F7556}") = "Fusion.Resources.Integration.Models", "integration\Fusion.Resources.Integration.Models\Fusion.Resources.Integration.Models.csproj", "{9F8D9356-145A-44DE-93D8-2DCD0E58D16B}"
EndProject
Project("{9A19103F-16F7-4668-BE54-9A1E7A4F7556}") = "Fusion.Resources.Application", "api\Fusion.Resources.Application\Fusion.Resources.Application.csproj", "{E6A6487B-B276-441B-A661-F202681400F6}"
EndProject
Project("{9A19103F-16F7-4668-BE54-9A1E7A4F7556}") = "Fusion.Resources.Logic.Tests", "tests\Fusion.Resources.Logic.Tests\Fusion.Resources.Logic.Tests.csproj", "{7BE089A8-F824-4273-9312-3D32E064569E}"
EndProject
Project("{FAE04EC0-301F-11D3-BF4B-00C04F79EFBC}") = "Fusion.Resources.Api.Tests", "tests\Fusion.Resources.Api.Tests\Fusion.Resources.Api.Tests.csproj", "{FC455F0E-0880-4272-AFFE-38D8EF358B6F}"
EndProject
Global
	GlobalSection(SolutionConfigurationPlatforms) = preSolution
		Debug|Any CPU = Debug|Any CPU
		Release|Any CPU = Release|Any CPU
	EndGlobalSection
	GlobalSection(ProjectConfigurationPlatforms) = postSolution
		{405CA56F-B0F8-4515-B45D-AE143965A178}.Debug|Any CPU.ActiveCfg = Debug|Any CPU
		{405CA56F-B0F8-4515-B45D-AE143965A178}.Debug|Any CPU.Build.0 = Debug|Any CPU
		{405CA56F-B0F8-4515-B45D-AE143965A178}.Release|Any CPU.ActiveCfg = Release|Any CPU
		{405CA56F-B0F8-4515-B45D-AE143965A178}.Release|Any CPU.Build.0 = Release|Any CPU
		{5F2CDAAF-C625-46FC-AB82-EDE4F47DF69C}.Debug|Any CPU.ActiveCfg = Debug|Any CPU
		{5F2CDAAF-C625-46FC-AB82-EDE4F47DF69C}.Debug|Any CPU.Build.0 = Debug|Any CPU
		{5F2CDAAF-C625-46FC-AB82-EDE4F47DF69C}.Release|Any CPU.ActiveCfg = Release|Any CPU
		{5F2CDAAF-C625-46FC-AB82-EDE4F47DF69C}.Release|Any CPU.Build.0 = Release|Any CPU
		{EC425C33-9AE9-49F9-A3AD-4BECFE4CBD8B}.Debug|Any CPU.ActiveCfg = Debug|Any CPU
		{EC425C33-9AE9-49F9-A3AD-4BECFE4CBD8B}.Debug|Any CPU.Build.0 = Debug|Any CPU
		{EC425C33-9AE9-49F9-A3AD-4BECFE4CBD8B}.Release|Any CPU.ActiveCfg = Release|Any CPU
		{EC425C33-9AE9-49F9-A3AD-4BECFE4CBD8B}.Release|Any CPU.Build.0 = Release|Any CPU
		{2E8F0443-BE79-4722-87EA-25AC341581BF}.Debug|Any CPU.ActiveCfg = Debug|Any CPU
		{2E8F0443-BE79-4722-87EA-25AC341581BF}.Debug|Any CPU.Build.0 = Debug|Any CPU
		{2E8F0443-BE79-4722-87EA-25AC341581BF}.Release|Any CPU.ActiveCfg = Release|Any CPU
		{2E8F0443-BE79-4722-87EA-25AC341581BF}.Release|Any CPU.Build.0 = Release|Any CPU
		{277742EC-1734-47FE-9A45-3B05355212A8}.Debug|Any CPU.ActiveCfg = Debug|Any CPU
		{277742EC-1734-47FE-9A45-3B05355212A8}.Debug|Any CPU.Build.0 = Debug|Any CPU
		{277742EC-1734-47FE-9A45-3B05355212A8}.Release|Any CPU.ActiveCfg = Release|Any CPU
		{277742EC-1734-47FE-9A45-3B05355212A8}.Release|Any CPU.Build.0 = Release|Any CPU
		{EB05FA8C-DC27-4DBB-8963-B1692D1CE662}.Debug|Any CPU.ActiveCfg = Debug|Any CPU
		{EB05FA8C-DC27-4DBB-8963-B1692D1CE662}.Debug|Any CPU.Build.0 = Debug|Any CPU
		{EB05FA8C-DC27-4DBB-8963-B1692D1CE662}.Release|Any CPU.ActiveCfg = Release|Any CPU
		{EB05FA8C-DC27-4DBB-8963-B1692D1CE662}.Release|Any CPU.Build.0 = Release|Any CPU
		{9F8D9356-145A-44DE-93D8-2DCD0E58D16B}.Debug|Any CPU.ActiveCfg = Debug|Any CPU
		{9F8D9356-145A-44DE-93D8-2DCD0E58D16B}.Debug|Any CPU.Build.0 = Debug|Any CPU
		{9F8D9356-145A-44DE-93D8-2DCD0E58D16B}.Release|Any CPU.ActiveCfg = Release|Any CPU
		{9F8D9356-145A-44DE-93D8-2DCD0E58D16B}.Release|Any CPU.Build.0 = Release|Any CPU
		{E6A6487B-B276-441B-A661-F202681400F6}.Debug|Any CPU.ActiveCfg = Debug|Any CPU
		{E6A6487B-B276-441B-A661-F202681400F6}.Debug|Any CPU.Build.0 = Debug|Any CPU
		{E6A6487B-B276-441B-A661-F202681400F6}.Release|Any CPU.ActiveCfg = Release|Any CPU
		{E6A6487B-B276-441B-A661-F202681400F6}.Release|Any CPU.Build.0 = Release|Any CPU
		{7BE089A8-F824-4273-9312-3D32E064569E}.Debug|Any CPU.ActiveCfg = Debug|Any CPU
		{7BE089A8-F824-4273-9312-3D32E064569E}.Debug|Any CPU.Build.0 = Debug|Any CPU
		{7BE089A8-F824-4273-9312-3D32E064569E}.Release|Any CPU.ActiveCfg = Release|Any CPU
		{7BE089A8-F824-4273-9312-3D32E064569E}.Release|Any CPU.Build.0 = Release|Any CPU
		{FC455F0E-0880-4272-AFFE-38D8EF358B6F}.Debug|Any CPU.ActiveCfg = Debug|Any CPU
		{FC455F0E-0880-4272-AFFE-38D8EF358B6F}.Debug|Any CPU.Build.0 = Debug|Any CPU
		{FC455F0E-0880-4272-AFFE-38D8EF358B6F}.Release|Any CPU.ActiveCfg = Release|Any CPU
		{FC455F0E-0880-4272-AFFE-38D8EF358B6F}.Release|Any CPU.Build.0 = Release|Any CPU
	EndGlobalSection
	GlobalSection(SolutionProperties) = preSolution
		HideSolutionNode = FALSE
	EndGlobalSection
	GlobalSection(NestedProjects) = preSolution
		{405CA56F-B0F8-4515-B45D-AE143965A178} = {996B233A-1FC5-4CF5-97AD-B9C09F3E0A53}
		{5F2CDAAF-C625-46FC-AB82-EDE4F47DF69C} = {996B233A-1FC5-4CF5-97AD-B9C09F3E0A53}
		{EC425C33-9AE9-49F9-A3AD-4BECFE4CBD8B} = {996B233A-1FC5-4CF5-97AD-B9C09F3E0A53}
		{2E8F0443-BE79-4722-87EA-25AC341581BF} = {D12DC33D-BB83-40E4-9F36-18F59351A21D}
		{277742EC-1734-47FE-9A45-3B05355212A8} = {286E3C76-C860-4661-9AEF-817458D1231B}
		{EB05FA8C-DC27-4DBB-8963-B1692D1CE662} = {996B233A-1FC5-4CF5-97AD-B9C09F3E0A53}
		{9F8D9356-145A-44DE-93D8-2DCD0E58D16B} = {0AA102F1-FA48-4A4A-9E47-1301C47048EB}
		{E6A6487B-B276-441B-A661-F202681400F6} = {996B233A-1FC5-4CF5-97AD-B9C09F3E0A53}
		{7BE089A8-F824-4273-9312-3D32E064569E} = {D12DC33D-BB83-40E4-9F36-18F59351A21D}
		{FC455F0E-0880-4272-AFFE-38D8EF358B6F} = {D12DC33D-BB83-40E4-9F36-18F59351A21D}
	EndGlobalSection
	GlobalSection(ExtensibilityGlobals) = postSolution
		SolutionGuid = {F47D8FDB-3919-45C8-8C08-486405ECEC01}
	EndGlobalSection
EndGlobal
